// !$*UTF8*$!
{
	archiveVersion = 1;
	classes = {
	};
	objectVersion = 48;
	objects = {

/* Begin PBXBuildFile section */
		30B92EAC201D2F12007F0E00 /* AppDelegate.swift in Sources */ = {isa = PBXBuildFile; fileRef = 30B92EAB201D2F12007F0E00 /* AppDelegate.swift */; };
		30B92EAE201D2F12007F0E00 /* ViewController.swift in Sources */ = {isa = PBXBuildFile; fileRef = 30B92EAD201D2F12007F0E00 /* ViewController.swift */; };
		30B92EB1201D2F12007F0E00 /* Main.storyboard in Resources */ = {isa = PBXBuildFile; fileRef = 30B92EAF201D2F12007F0E00 /* Main.storyboard */; };
		30B92EB3201D2F12007F0E00 /* Assets.xcassets in Resources */ = {isa = PBXBuildFile; fileRef = 30B92EB2201D2F12007F0E00 /* Assets.xcassets */; };
		30B92EB6201D2F12007F0E00 /* LaunchScreen.storyboard in Resources */ = {isa = PBXBuildFile; fileRef = 30B92EB4201D2F12007F0E00 /* LaunchScreen.storyboard */; };
		30B92EC1201D2F13007F0E00 /* ConUhackTests.swift in Sources */ = {isa = PBXBuildFile; fileRef = 30B92EC0201D2F13007F0E00 /* ConUhackTests.swift */; };
		30B92ECC201D2F13007F0E00 /* ConUhackUITests.swift in Sources */ = {isa = PBXBuildFile; fileRef = 30B92ECB201D2F13007F0E00 /* ConUhackUITests.swift */; };
		E4F8AD75201D82EF0013803D /* View2ControllerViewController.swift in Sources */ = {isa = PBXBuildFile; fileRef = E4F8AD74201D82EF0013803D /* View2ControllerViewController.swift */; };
		E4F8AD79201D99DB0013803D /* smsandcall.py in Resources */ = {isa = PBXBuildFile; fileRef = E4F8AD78201D99DB0013803D /* smsandcall.py */; };
/* End PBXBuildFile section */

/* Begin PBXContainerItemProxy section */
		30B92EBD201D2F13007F0E00 /* PBXContainerItemProxy */ = {
			isa = PBXContainerItemProxy;
			containerPortal = 30B92EA0201D2F12007F0E00 /* Project object */;
			proxyType = 1;
			remoteGlobalIDString = 30B92EA7201D2F12007F0E00;
			remoteInfo = ConUhack;
		};
		30B92EC8201D2F13007F0E00 /* PBXContainerItemProxy */ = {
			isa = PBXContainerItemProxy;
			containerPortal = 30B92EA0201D2F12007F0E00 /* Project object */;
			proxyType = 1;
			remoteGlobalIDString = 30B92EA7201D2F12007F0E00;
			remoteInfo = ConUhack;
		};
/* End PBXContainerItemProxy section */

/* Begin PBXFileReference section */
		30B92EA8201D2F12007F0E00 /* ConUhack.app */ = {isa = PBXFileReference; explicitFileType = wrapper.application; includeInIndex = 0; path = ConUhack.app; sourceTree = BUILT_PRODUCTS_DIR; };
		30B92EAB201D2F12007F0E00 /* AppDelegate.swift */ = {isa = PBXFileReference; lastKnownFileType = sourcecode.swift; path = AppDelegate.swift; sourceTree = "<group>"; };
		30B92EAD201D2F12007F0E00 /* ViewController.swift */ = {isa = PBXFileReference; lastKnownFileType = sourcecode.swift; path = ViewController.swift; sourceTree = "<group>"; };
		30B92EB0201D2F12007F0E00 /* Base */ = {isa = PBXFileReference; lastKnownFileType = file.storyboard; name = Base; path = Base.lproj/Main.storyboard; sourceTree = "<group>"; };
		30B92EB2201D2F12007F0E00 /* Assets.xcassets */ = {isa = PBXFileReference; lastKnownFileType = folder.assetcatalog; path = Assets.xcassets; sourceTree = "<group>"; };
		30B92EB5201D2F12007F0E00 /* Base */ = {isa = PBXFileReference; lastKnownFileType = file.storyboard; name = Base; path = Base.lproj/LaunchScreen.storyboard; sourceTree = "<group>"; };
		30B92EB7201D2F12007F0E00 /* Info.plist */ = {isa = PBXFileReference; lastKnownFileType = text.plist.xml; path = Info.plist; sourceTree = "<group>"; };
		30B92EBC201D2F13007F0E00 /* ConUhackTests.xctest */ = {isa = PBXFileReference; explicitFileType = wrapper.cfbundle; includeInIndex = 0; path = ConUhackTests.xctest; sourceTree = BUILT_PRODUCTS_DIR; };
		30B92EC0201D2F13007F0E00 /* ConUhackTests.swift */ = {isa = PBXFileReference; lastKnownFileType = sourcecode.swift; path = ConUhackTests.swift; sourceTree = "<group>"; };
		30B92EC2201D2F13007F0E00 /* Info.plist */ = {isa = PBXFileReference; lastKnownFileType = text.plist.xml; path = Info.plist; sourceTree = "<group>"; };
		30B92EC7201D2F13007F0E00 /* ConUhackUITests.xctest */ = {isa = PBXFileReference; explicitFileType = wrapper.cfbundle; includeInIndex = 0; path = ConUhackUITests.xctest; sourceTree = BUILT_PRODUCTS_DIR; };
		30B92ECB201D2F13007F0E00 /* ConUhackUITests.swift */ = {isa = PBXFileReference; lastKnownFileType = sourcecode.swift; path = ConUhackUITests.swift; sourceTree = "<group>"; };
		30B92ECD201D2F13007F0E00 /* Info.plist */ = {isa = PBXFileReference; lastKnownFileType = text.plist.xml; path = Info.plist; sourceTree = "<group>"; };
		E4F8AD73201D7A1A0013803D /* ConUhack.entitlements */ = {isa = PBXFileReference; lastKnownFileType = text.plist.entitlements; path = ConUhack.entitlements; sourceTree = "<group>"; };
		E4F8AD74201D82EF0013803D /* View2ControllerViewController.swift */ = {isa = PBXFileReference; lastKnownFileType = sourcecode.swift; path = View2ControllerViewController.swift; sourceTree = "<group>"; };
		E4F8AD78201D99DB0013803D /* smsandcall.py */ = {isa = PBXFileReference; fileEncoding = 4; lastKnownFileType = text.script.python; path = smsandcall.py; sourceTree = "<group>"; };
/* End PBXFileReference section */

/* Begin PBXFrameworksBuildPhase section */
		30B92EA5201D2F12007F0E00 /* Frameworks */ = {
			isa = PBXFrameworksBuildPhase;
			buildActionMask = 2147483647;
			files = (
			);
			runOnlyForDeploymentPostprocessing = 0;
		};
		30B92EB9201D2F13007F0E00 /* Frameworks */ = {
			isa = PBXFrameworksBuildPhase;
			buildActionMask = 2147483647;
			files = (
			);
			runOnlyForDeploymentPostprocessing = 0;
		};
		30B92EC4201D2F13007F0E00 /* Frameworks */ = {
			isa = PBXFrameworksBuildPhase;
			buildActionMask = 2147483647;
			files = (
			);
			runOnlyForDeploymentPostprocessing = 0;
		};
/* End PBXFrameworksBuildPhase section */

/* Begin PBXGroup section */
		30B92E9F201D2F12007F0E00 = {
			isa = PBXGroup;
			children = (
				E4F8AD78201D99DB0013803D /* smsandcall.py */,
				30B92EAA201D2F12007F0E00 /* ConUhack */,
				30B92EBF201D2F13007F0E00 /* ConUhackTests */,
				30B92ECA201D2F13007F0E00 /* ConUhackUITests */,
				30B92EA9201D2F12007F0E00 /* Products */,
			);
			sourceTree = "<group>";
		};
		30B92EA9201D2F12007F0E00 /* Products */ = {
			isa = PBXGroup;
			children = (
				30B92EA8201D2F12007F0E00 /* ConUhack.app */,
				30B92EBC201D2F13007F0E00 /* ConUhackTests.xctest */,
				30B92EC7201D2F13007F0E00 /* ConUhackUITests.xctest */,
			);
			name = Products;
			sourceTree = "<group>";
		};
		30B92EAA201D2F12007F0E00 /* ConUhack */ = {
			isa = PBXGroup;
			children = (
				E4F8AD73201D7A1A0013803D /* ConUhack.entitlements */,
				30B92EAB201D2F12007F0E00 /* AppDelegate.swift */,
				30B92EAD201D2F12007F0E00 /* ViewController.swift */,
				30B92EAF201D2F12007F0E00 /* Main.storyboard */,
				30B92EB2201D2F12007F0E00 /* Assets.xcassets */,
				30B92EB4201D2F12007F0E00 /* LaunchScreen.storyboard */,
				30B92EB7201D2F12007F0E00 /* Info.plist */,
				E4F8AD74201D82EF0013803D /* View2ControllerViewController.swift */,
			);
			path = ConUhack;
			sourceTree = "<group>";
		};
		30B92EBF201D2F13007F0E00 /* ConUhackTests */ = {
			isa = PBXGroup;
			children = (
				30B92EC0201D2F13007F0E00 /* ConUhackTests.swift */,
				30B92EC2201D2F13007F0E00 /* Info.plist */,
			);
			path = ConUhackTests;
			sourceTree = "<group>";
		};
		30B92ECA201D2F13007F0E00 /* ConUhackUITests */ = {
			isa = PBXGroup;
			children = (
				30B92ECB201D2F13007F0E00 /* ConUhackUITests.swift */,
				30B92ECD201D2F13007F0E00 /* Info.plist */,
			);
			path = ConUhackUITests;
			sourceTree = "<group>";
		};
/* End PBXGroup section */

/* Begin PBXNativeTarget section */
		30B92EA7201D2F12007F0E00 /* ConUhack */ = {
			isa = PBXNativeTarget;
			buildConfigurationList = 30B92ED0201D2F13007F0E00 /* Build configuration list for PBXNativeTarget "ConUhack" */;
			buildPhases = (
				30B92EA4201D2F12007F0E00 /* Sources */,
				30B92EA5201D2F12007F0E00 /* Frameworks */,
				30B92EA6201D2F12007F0E00 /* Resources */,
			);
			buildRules = (
			);
			dependencies = (
			);
			name = ConUhack;
			productName = ConUhack;
			productReference = 30B92EA8201D2F12007F0E00 /* ConUhack.app */;
			productType = "com.apple.product-type.application";
		};
		30B92EBB201D2F13007F0E00 /* ConUhackTests */ = {
			isa = PBXNativeTarget;
			buildConfigurationList = 30B92ED3201D2F13007F0E00 /* Build configuration list for PBXNativeTarget "ConUhackTests" */;
			buildPhases = (
				30B92EB8201D2F13007F0E00 /* Sources */,
				30B92EB9201D2F13007F0E00 /* Frameworks */,
				30B92EBA201D2F13007F0E00 /* Resources */,
			);
			buildRules = (
			);
			dependencies = (
				30B92EBE201D2F13007F0E00 /* PBXTargetDependency */,
			);
			name = ConUhackTests;
			productName = ConUhackTests;
			productReference = 30B92EBC201D2F13007F0E00 /* ConUhackTests.xctest */;
			productType = "com.apple.product-type.bundle.unit-test";
		};
		30B92EC6201D2F13007F0E00 /* ConUhackUITests */ = {
			isa = PBXNativeTarget;
			buildConfigurationList = 30B92ED6201D2F13007F0E00 /* Build configuration list for PBXNativeTarget "ConUhackUITests" */;
			buildPhases = (
				30B92EC3201D2F13007F0E00 /* Sources */,
				30B92EC4201D2F13007F0E00 /* Frameworks */,
				30B92EC5201D2F13007F0E00 /* Resources */,
			);
			buildRules = (
			);
			dependencies = (
				30B92EC9201D2F13007F0E00 /* PBXTargetDependency */,
			);
			name = ConUhackUITests;
			productName = ConUhackUITests;
			productReference = 30B92EC7201D2F13007F0E00 /* ConUhackUITests.xctest */;
			productType = "com.apple.product-type.bundle.ui-testing";
		};
/* End PBXNativeTarget section */

/* Begin PBXProject section */
		30B92EA0201D2F12007F0E00 /* Project object */ = {
			isa = PBXProject;
			attributes = {
				LastSwiftUpdateCheck = 0920;
				LastUpgradeCheck = 0920;
				ORGANIZATIONNAME = "Li arthur";
				TargetAttributes = {
					30B92EA7201D2F12007F0E00 = {
						CreatedOnToolsVersion = 9.2;
						ProvisioningStyle = Automatic;
						SystemCapabilities = {
							com.apple.Push = {
								enabled = 1;
							};
						};
					};
					30B92EBB201D2F13007F0E00 = {
						CreatedOnToolsVersion = 9.2;
						ProvisioningStyle = Automatic;
						TestTargetID = 30B92EA7201D2F12007F0E00;
					};
					30B92EC6201D2F13007F0E00 = {
						CreatedOnToolsVersion = 9.2;
						ProvisioningStyle = Automatic;
						TestTargetID = 30B92EA7201D2F12007F0E00;
					};
				};
			};
			buildConfigurationList = 30B92EA3201D2F12007F0E00 /* Build configuration list for PBXProject "ConUhack" */;
			compatibilityVersion = "Xcode 8.0";
			developmentRegion = en;
			hasScannedForEncodings = 0;
			knownRegions = (
				en,
				Base,
			);
			mainGroup = 30B92E9F201D2F12007F0E00;
			productRefGroup = 30B92EA9201D2F12007F0E00 /* Products */;
			projectDirPath = "";
			projectRoot = "";
			targets = (
				30B92EA7201D2F12007F0E00 /* ConUhack */,
				30B92EBB201D2F13007F0E00 /* ConUhackTests */,
				30B92EC6201D2F13007F0E00 /* ConUhackUITests */,
			);
		};
/* End PBXProject section */

/* Begin PBXResourcesBuildPhase section */
		30B92EA6201D2F12007F0E00 /* Resources */ = {
			isa = PBXResourcesBuildPhase;
			buildActionMask = 2147483647;
			files = (
				30B92EB6201D2F12007F0E00 /* LaunchScreen.storyboard in Resources */,
				30B92EB3201D2F12007F0E00 /* Assets.xcassets in Resources */,
				E4F8AD79201D99DB0013803D /* smsandcall.py in Resources */,
				30B92EB1201D2F12007F0E00 /* Main.storyboard in Resources */,
			);
			runOnlyForDeploymentPostprocessing = 0;
		};
		30B92EBA201D2F13007F0E00 /* Resources */ = {
			isa = PBXResourcesBuildPhase;
			buildActionMask = 2147483647;
			files = (
			);
			runOnlyForDeploymentPostprocessing = 0;
		};
		30B92EC5201D2F13007F0E00 /* Resources */ = {
			isa = PBXResourcesBuildPhase;
			buildActionMask = 2147483647;
			files = (
			);
			runOnlyForDeploymentPostprocessing = 0;
		};
/* End PBXResourcesBuildPhase section */

/* Begin PBXSourcesBuildPhase section */
		30B92EA4201D2F12007F0E00 /* Sources */ = {
			isa = PBXSourcesBuildPhase;
			buildActionMask = 2147483647;
			files = (
				30B92EAE201D2F12007F0E00 /* ViewController.swift in Sources */,
				E4F8AD75201D82EF0013803D /* View2ControllerViewController.swift in Sources */,
				30B92EAC201D2F12007F0E00 /* AppDelegate.swift in Sources */,
			);
			runOnlyForDeploymentPostprocessing = 0;
		};
		30B92EB8201D2F13007F0E00 /* Sources */ = {
			isa = PBXSourcesBuildPhase;
			buildActionMask = 2147483647;
			files = (
				30B92EC1201D2F13007F0E00 /* ConUhackTests.swift in Sources */,
			);
			runOnlyForDeploymentPostprocessing = 0;
		};
		30B92EC3201D2F13007F0E00 /* Sources */ = {
			isa = PBXSourcesBuildPhase;
			buildActionMask = 2147483647;
			files = (
				30B92ECC201D2F13007F0E00 /* ConUhackUITests.swift in Sources */,
			);
			runOnlyForDeploymentPostprocessing = 0;
		};
/* End PBXSourcesBuildPhase section */

/* Begin PBXTargetDependency section */
		30B92EBE201D2F13007F0E00 /* PBXTargetDependency */ = {
			isa = PBXTargetDependency;
			target = 30B92EA7201D2F12007F0E00 /* ConUhack */;
			targetProxy = 30B92EBD201D2F13007F0E00 /* PBXContainerItemProxy */;
		};
		30B92EC9201D2F13007F0E00 /* PBXTargetDependency */ = {
			isa = PBXTargetDependency;
			target = 30B92EA7201D2F12007F0E00 /* ConUhack */;
			targetProxy = 30B92EC8201D2F13007F0E00 /* PBXContainerItemProxy */;
		};
/* End PBXTargetDependency section */

/* Begin PBXVariantGroup section */
		30B92EAF201D2F12007F0E00 /* Main.storyboard */ = {
			isa = PBXVariantGroup;
			children = (
				30B92EB0201D2F12007F0E00 /* Base */,
			);
			name = Main.storyboard;
			sourceTree = "<group>";
		};
		30B92EB4201D2F12007F0E00 /* LaunchScreen.storyboard */ = {
			isa = PBXVariantGroup;
			children = (
				30B92EB5201D2F12007F0E00 /* Base */,
			);
			name = LaunchScreen.storyboard;
			sourceTree = "<group>";
		};
/* End PBXVariantGroup section */

/* Begin XCBuildConfiguration section */
		30B92ECE201D2F13007F0E00 /* Debug */ = {
			isa = XCBuildConfiguration;
			buildSettings = {
				ALWAYS_SEARCH_USER_PATHS = NO;
				CLANG_ANALYZER_NONNULL = YES;
				CLANG_ANALYZER_NUMBER_OBJECT_CONVERSION = YES_AGGRESSIVE;
				CLANG_CXX_LANGUAGE_STANDARD = "gnu++14";
				CLANG_CXX_LIBRARY = "libc++";
				CLANG_ENABLE_MODULES = YES;
				CLANG_ENABLE_OBJC_ARC = YES;
				CLANG_WARN_BLOCK_CAPTURE_AUTORELEASING = YES;
				CLANG_WARN_BOOL_CONVERSION = YES;
				CLANG_WARN_COMMA = YES;
				CLANG_WARN_CONSTANT_CONVERSION = YES;
				CLANG_WARN_DIRECT_OBJC_ISA_USAGE = YES_ERROR;
				CLANG_WARN_DOCUMENTATION_COMMENTS = YES;
				CLANG_WARN_EMPTY_BODY = YES;
				CLANG_WARN_ENUM_CONVERSION = YES;
				CLANG_WARN_INFINITE_RECURSION = YES;
				CLANG_WARN_INT_CONVERSION = YES;
				CLANG_WARN_NON_LITERAL_NULL_CONVERSION = YES;
				CLANG_WARN_OBJC_LITERAL_CONVERSION = YES;
				CLANG_WARN_OBJC_ROOT_CLASS = YES_ERROR;
				CLANG_WARN_RANGE_LOOP_ANALYSIS = YES;
				CLANG_WARN_STRICT_PROTOTYPES = YES;
				CLANG_WARN_SUSPICIOUS_MOVE = YES;
				CLANG_WARN_UNGUARDED_AVAILABILITY = YES_AGGRESSIVE;
				CLANG_WARN_UNREACHABLE_CODE = YES;
				CLANG_WARN__DUPLICATE_METHOD_MATCH = YES;
				CODE_SIGN_IDENTITY = "iPhone Developer";
				COPY_PHASE_STRIP = NO;
				DEBUG_INFORMATION_FORMAT = dwarf;
				ENABLE_STRICT_OBJC_MSGSEND = YES;
				ENABLE_TESTABILITY = YES;
				GCC_C_LANGUAGE_STANDARD = gnu11;
				GCC_DYNAMIC_NO_PIC = NO;
				GCC_NO_COMMON_BLOCKS = YES;
				GCC_OPTIMIZATION_LEVEL = 0;
				GCC_PREPROCESSOR_DEFINITIONS = (
					"DEBUG=1",
					"$(inherited)",
				);
				GCC_WARN_64_TO_32_BIT_CONVERSION = YES;
				GCC_WARN_ABOUT_RETURN_TYPE = YES_ERROR;
				GCC_WARN_UNDECLARED_SELECTOR = YES;
				GCC_WARN_UNINITIALIZED_AUTOS = YES_AGGRESSIVE;
				GCC_WARN_UNUSED_FUNCTION = YES;
				GCC_WARN_UNUSED_VARIABLE = YES;
				IPHONEOS_DEPLOYMENT_TARGET = 11.2;
				MTL_ENABLE_DEBUG_INFO = YES;
				ONLY_ACTIVE_ARCH = YES;
				SDKROOT = iphoneos;
				SWIFT_ACTIVE_COMPILATION_CONDITIONS = DEBUG;
				SWIFT_OPTIMIZATION_LEVEL = "-Onone";
			};
			name = Debug;
		};
		30B92ECF201D2F13007F0E00 /* Release */ = {
			isa = XCBuildConfiguration;
			buildSettings = {
				ALWAYS_SEARCH_USER_PATHS = NO;
				CLANG_ANALYZER_NONNULL = YES;
				CLANG_ANALYZER_NUMBER_OBJECT_CONVERSION = YES_AGGRESSIVE;
				CLANG_CXX_LANGUAGE_STANDARD = "gnu++14";
				CLANG_CXX_LIBRARY = "libc++";
				CLANG_ENABLE_MODULES = YES;
				CLANG_ENABLE_OBJC_ARC = YES;
				CLANG_WARN_BLOCK_CAPTURE_AUTORELEASING = YES;
				CLANG_WARN_BOOL_CONVERSION = YES;
				CLANG_WARN_COMMA = YES;
				CLANG_WARN_CONSTANT_CONVERSION = YES;
				CLANG_WARN_DIRECT_OBJC_ISA_USAGE = YES_ERROR;
				CLANG_WARN_DOCUMENTATION_COMMENTS = YES;
				CLANG_WARN_EMPTY_BODY = YES;
				CLANG_WARN_ENUM_CONVERSION = YES;
				CLANG_WARN_INFINITE_RECURSION = YES;
				CLANG_WARN_INT_CONVERSION = YES;
				CLANG_WARN_NON_LITERAL_NULL_CONVERSION = YES;
				CLANG_WARN_OBJC_LITERAL_CONVERSION = YES;
				CLANG_WARN_OBJC_ROOT_CLASS = YES_ERROR;
				CLANG_WARN_RANGE_LOOP_ANALYSIS = YES;
				CLANG_WARN_STRICT_PROTOTYPES = YES;
				CLANG_WARN_SUSPICIOUS_MOVE = YES;
				CLANG_WARN_UNGUARDED_AVAILABILITY = YES_AGGRESSIVE;
				CLANG_WARN_UNREACHABLE_CODE = YES;
				CLANG_WARN__DUPLICATE_METHOD_MATCH = YES;
				CODE_SIGN_IDENTITY = "iPhone Developer";
				COPY_PHASE_STRIP = NO;
				DEBUG_INFORMATION_FORMAT = "dwarf-with-dsym";
				ENABLE_NS_ASSERTIONS = NO;
				ENABLE_STRICT_OBJC_MSGSEND = YES;
				GCC_C_LANGUAGE_STANDARD = gnu11;
				GCC_NO_COMMON_BLOCKS = YES;
				GCC_WARN_64_TO_32_BIT_CONVERSION = YES;
				GCC_WARN_ABOUT_RETURN_TYPE = YES_ERROR;
				GCC_WARN_UNDECLARED_SELECTOR = YES;
				GCC_WARN_UNINITIALIZED_AUTOS = YES_AGGRESSIVE;
				GCC_WARN_UNUSED_FUNCTION = YES;
				GCC_WARN_UNUSED_VARIABLE = YES;
				IPHONEOS_DEPLOYMENT_TARGET = 11.2;
				MTL_ENABLE_DEBUG_INFO = NO;
				SDKROOT = iphoneos;
				SWIFT_OPTIMIZATION_LEVEL = "-Owholemodule";
				VALIDATE_PRODUCT = YES;
			};
			name = Release;
		};
		30B92ED1201D2F13007F0E00 /* Debug */ = {
			isa = XCBuildConfiguration;
			buildSettings = {
				ASSETCATALOG_COMPILER_APPICON_NAME = AppIcon;
				CODE_SIGN_ENTITLEMENTS = ConUhack/ConUhack.entitlements;
				CODE_SIGN_STYLE = Automatic;
				DEVELOPMENT_TEAM = WRAMNS25U3;
				INFOPLIST_FILE = ConUhack/Info.plist;
				IPHONEOS_DEPLOYMENT_TARGET = 11.1;
				LD_RUNPATH_SEARCH_PATHS = "$(inherited) @executable_path/Frameworks";
				PRODUCT_BUNDLE_IDENTIFIER = test.abc;
				PRODUCT_NAME = "$(TARGET_NAME)";
				SWIFT_VERSION = 4.0;
				TARGETED_DEVICE_FAMILY = "1,2";
			};
			name = Debug;
		};
		30B92ED2201D2F13007F0E00 /* Release */ = {
			isa = XCBuildConfiguration;
			buildSettings = {
				ASSETCATALOG_COMPILER_APPICON_NAME = AppIcon;
				CODE_SIGN_ENTITLEMENTS = ConUhack/ConUhack.entitlements;
				CODE_SIGN_STYLE = Automatic;
				DEVELOPMENT_TEAM = WRAMNS25U3;
				INFOPLIST_FILE = ConUhack/Info.plist;
				IPHONEOS_DEPLOYMENT_TARGET = 11.1;
				LD_RUNPATH_SEARCH_PATHS = "$(inherited) @executable_path/Frameworks";
				PRODUCT_BUNDLE_IDENTIFIER = test.abc;
				PRODUCT_NAME = "$(TARGET_NAME)";
				SWIFT_VERSION = 4.0;
				TARGETED_DEVICE_FAMILY = "1,2";
			};
			name = Release;
		};
		30B92ED4201D2F13007F0E00 /* Debug */ = {
			isa = XCBuildConfiguration;
			buildSettings = {
				ALWAYS_EMBED_SWIFT_STANDARD_LIBRARIES = YES;
				BUNDLE_LOADER = "$(TEST_HOST)";
				CODE_SIGN_STYLE = Automatic;
				INFOPLIST_FILE = ConUhackTests/Info.plist;
				LD_RUNPATH_SEARCH_PATHS = "$(inherited) @executable_path/Frameworks @loader_path/Frameworks";
				PRODUCT_BUNDLE_IDENTIFIER = com.Li.ConUhackTests;
				PRODUCT_NAME = "$(TARGET_NAME)";
				SWIFT_VERSION = 4.0;
				TARGETED_DEVICE_FAMILY = "1,2";
				TEST_HOST = "$(BUILT_PRODUCTS_DIR)/ConUhack.app/ConUhack";
			};
			name = Debug;
		};
		30B92ED5201D2F13007F0E00 /* Release */ = {
			isa = XCBuildConfiguration;
			buildSettings = {
				ALWAYS_EMBED_SWIFT_STANDARD_LIBRARIES = YES;
				BUNDLE_LOADER = "$(TEST_HOST)";
				CODE_SIGN_STYLE = Automatic;
				INFOPLIST_FILE = ConUhackTests/Info.plist;
				LD_RUNPATH_SEARCH_PATHS = "$(inherited) @executable_path/Frameworks @loader_path/Frameworks";
				PRODUCT_BUNDLE_IDENTIFIER = com.Li.ConUhackTests;
				PRODUCT_NAME = "$(TARGET_NAME)";
				SWIFT_VERSION = 4.0;
				TARGETED_DEVICE_FAMILY = "1,2";
				TEST_HOST = "$(BUILT_PRODUCTS_DIR)/ConUhack.app/ConUhack";
			};
			name = Release;
		};
		30B92ED7201D2F13007F0E00 /* Debug */ = {
			isa = XCBuildConfiguration;
			buildSettings = {
				ALWAYS_EMBED_SWIFT_STANDARD_LIBRARIES = YES;
				CODE_SIGN_STYLE = Automatic;
				INFOPLIST_FILE = ConUhackUITests/Info.plist;
				LD_RUNPATH_SEARCH_PATHS = "$(inherited) @executable_path/Frameworks @loader_path/Frameworks";
				PRODUCT_BUNDLE_IDENTIFIER = com.Li.ConUhackUITests;
				PRODUCT_NAME = "$(TARGET_NAME)";
				SWIFT_VERSION = 4.0;
				TARGETED_DEVICE_FAMILY = "1,2";
				TEST_TARGET_NAME = ConUhack;
			};
			name = Debug;
		};
		30B92ED8201D2F13007F0E00 /* Release */ = {
			isa = XCBuildConfiguration;
			buildSettings = {
				ALWAYS_EMBED_SWIFT_STANDARD_LIBRARIES = YES;
				CODE_SIGN_STYLE = Automatic;
				INFOPLIST_FILE = ConUhackUITests/Info.plist;
				LD_RUNPATH_SEARCH_PATHS = "$(inherited) @executable_path/Frameworks @loader_path/Frameworks";
				PRODUCT_BUNDLE_IDENTIFIER = com.Li.ConUhackUITests;
				PRODUCT_NAME = "$(TARGET_NAME)";
				SWIFT_VERSION = 4.0;
				TARGETED_DEVICE_FAMILY = "1,2";
				TEST_TARGET_NAME = ConUhack;
			};
			name = Release;
		};
/* End XCBuildConfiguration section */

/* Begin XCConfigurationList section */
		30B92EA3201D2F12007F0E00 /* Build configuration list for PBXProject "ConUhack" */ = {
			isa = XCConfigurationList;
			buildConfigurations = (
				30B92ECE201D2F13007F0E00 /* Debug */,
				30B92ECF201D2F13007F0E00 /* Release */,
			);
			defaultConfigurationIsVisible = 0;
			defaultConfigurationName = Release;
		};
		30B92ED0201D2F13007F0E00 /* Build configuration list for PBXNativeTarget "ConUhack" */ = {
			isa = XCConfigurationList;
			buildConfigurations = (
				30B92ED1201D2F13007F0E00 /* Debug */,
				30B92ED2201D2F13007F0E00 /* Release */,
			);
			defaultConfigurationIsVisible = 0;
			defaultConfigurationName = Release;
		};
		30B92ED3201D2F13007F0E00 /* Build configuration list for PBXNativeTarget "ConUhackTests" */ = {
			isa = XCConfigurationList;
			buildConfigurations = (
				30B92ED4201D2F13007F0E00 /* Debug */,
				30B92ED5201D2F13007F0E00 /* Release */,
			);
			defaultConfigurationIsVisible = 0;
			defaultConfigurationName = Release;
		};
		30B92ED6201D2F13007F0E00 /* Build configuration list for PBXNativeTarget "ConUhackUITests" */ = {
			isa = XCConfigurationList;
			buildConfigurations = (
				30B92ED7201D2F13007F0E00 /* Debug */,
				30B92ED8201D2F13007F0E00 /* Release */,
			);
			defaultConfigurationIsVisible = 0;
			defaultConfigurationName = Release;
		};
/* End XCConfigurationList section */
	};
	rootObject = 30B92EA0201D2F12007F0E00 /* Project object */;
}
